
Microsoft Visual Studio Solution File, Format Version 12.00
# Visual Studio Version 16
VisualStudioVersion = 16.0.33423.256
MinimumVisualStudioVersion = 10.0.40219.1
Project("{F184B08F-C81C-45F6-A57F-5ABD9991F28F}") = "Midterm1", "Midterm1\Midterm1.vbproj", "{00C13EC9-6251-4EF0-A537-95B9057C9125}"
EndProject
Global
	GlobalSection(SolutionConfigurationPlatforms) = preSolution
		Debug|Any CPU = Debug|Any CPU
		Release|Any CPU = Release|Any CPU
	EndGlobalSection
	GlobalSection(ProjectConfigurationPlatforms) = postSolution
		{00C13EC9-6251-4EF0-A537-95B9057C9125}.Debug|Any CPU.ActiveCfg = Debug|Any CPU
		{00C13EC9-6251-4EF0-A537-95B9057C9125}.Debug|Any CPU.Build.0 = Debug|Any CPU
		{00C13EC9-6251-4EF0-A537-95B9057C9125}.Release|Any CPU.ActiveCfg = Release|Any CPU
		{00C13EC9-6251-4EF0-A537-95B9057C9125}.Release|Any CPU.Build.0 = Release|Any CPU
	EndGlobalSection
	GlobalSection(SolutionProperties) = preSolution
		HideSolutionNode = FALSE
	EndGlobalSection
	GlobalSection(ExtensibilityGlobals) = postSolution
		SolutionGuid = {F61D1740-2F13-4B6B-8F17-1171FE12CC40}
	EndGlobalSection
EndGlobal
